
Microsoft Visual Studio Solution File, Format Version 12.00
# Visual Studio Version 16
VisualStudioVersion = 16.0.29215.179
MinimumVisualStudioVersion = 10.0.40219.1
Project("{8BC9CEB8-8B4A-11D0-8D11-00A0C91BC942}") = "KernelDll", "KernelDll\KernelDll.vcxproj", "{166F7026-D26D-4DE7-B780-3519C83C453F}"
EndProject
Project("{8BC9CEB8-8B4A-11D0-8D11-00A0C91BC942}") = "DriverBase", "DriverBase\DriverBase.vcxproj", "{954089EF-A832-4C8E-ADA2-4F8296402614}"
EndProject
Project("{8BC9CEB8-8B4A-11D0-8D11-00A0C91BC942}") = "MinifilterQuickStart", "MinifilterQuickStart\MinifilterQuickStart.vcxproj", "{6C7B30A5-09C4-4299-9D52-732DFF6DCC78}"
EndProject
Project("{8BC9CEB8-8B4A-11D0-8D11-00A0C91BC942}") = "KernelCRuntime", "KernelCRuntime\KernelCRuntime.vcxproj", "{D99E205B-1A8B-4BC7-BDA2-56E57BB067A2}"
EndProject
Project("{8BC9CEB8-8B4A-11D0-8D11-00A0C91BC942}") = "TCPIPFilter", "TCPIPFilter\TCPIPFilter.vcxproj", "{95E46913-828B-48D8-842F-07A5E2109535}"
EndProject
Global
	GlobalSection(SolutionConfigurationPlatforms) = preSolution
		Debug|x64 = Debug|x64
		Debug|x86 = Debug|x86
		Release|x64 = Release|x64
		Release|x86 = Release|x86
	EndGlobalSection
	GlobalSection(ProjectConfigurationPlatforms) = postSolution
		{166F7026-D26D-4DE7-B780-3519C83C453F}.Debug|x64.ActiveCfg = Debug|x64
		{166F7026-D26D-4DE7-B780-3519C83C453F}.Debug|x64.Build.0 = Debug|x64
		{166F7026-D26D-4DE7-B780-3519C83C453F}.Debug|x64.Deploy.0 = Debug|x64
		{166F7026-D26D-4DE7-B780-3519C83C453F}.Debug|x86.ActiveCfg = Debug|Win32
		{166F7026-D26D-4DE7-B780-3519C83C453F}.Debug|x86.Build.0 = Debug|Win32
		{166F7026-D26D-4DE7-B780-3519C83C453F}.Debug|x86.Deploy.0 = Debug|Win32
		{166F7026-D26D-4DE7-B780-3519C83C453F}.Release|x64.ActiveCfg = Release|x64
		{166F7026-D26D-4DE7-B780-3519C83C453F}.Release|x64.Build.0 = Release|x64
		{166F7026-D26D-4DE7-B780-3519C83C453F}.Release|x64.Deploy.0 = Release|x64
		{166F7026-D26D-4DE7-B780-3519C83C453F}.Release|x86.ActiveCfg = Release|Win32
		{166F7026-D26D-4DE7-B780-3519C83C453F}.Release|x86.Build.0 = Release|Win32
		{166F7026-D26D-4DE7-B780-3519C83C453F}.Release|x86.Deploy.0 = Release|Win32
		{954089EF-A832-4C8E-ADA2-4F8296402614}.Debug|x64.ActiveCfg = Debug|x64
		{954089EF-A832-4C8E-ADA2-4F8296402614}.Debug|x64.Build.0 = Debug|x64
		{954089EF-A832-4C8E-ADA2-4F8296402614}.Debug|x64.Deploy.0 = Debug|x64
		{954089EF-A832-4C8E-ADA2-4F8296402614}.Debug|x86.ActiveCfg = Debug|Win32
		{954089EF-A832-4C8E-ADA2-4F8296402614}.Debug|x86.Build.0 = Debug|Win32
		{954089EF-A832-4C8E-ADA2-4F8296402614}.Debug|x86.Deploy.0 = Debug|Win32
		{954089EF-A832-4C8E-ADA2-4F8296402614}.Release|x64.ActiveCfg = Release|x64
		{954089EF-A832-4C8E-ADA2-4F8296402614}.Release|x64.Build.0 = Release|x64
		{954089EF-A832-4C8E-ADA2-4F8296402614}.Release|x64.Deploy.0 = Release|x64
		{954089EF-A832-4C8E-ADA2-4F8296402614}.Release|x86.ActiveCfg = Release|Win32
		{954089EF-A832-4C8E-ADA2-4F8296402614}.Release|x86.Build.0 = Release|Win32
		{954089EF-A832-4C8E-ADA2-4F8296402614}.Release|x86.Deploy.0 = Release|Win32
		{6C7B30A5-09C4-4299-9D52-732DFF6DCC78}.Debug|x64.ActiveCfg = Debug|x64
		{6C7B30A5-09C4-4299-9D52-732DFF6DCC78}.Debug|x64.Build.0 = Debug|x64
		{6C7B30A5-09C4-4299-9D52-732DFF6DCC78}.Debug|x64.Deploy.0 = Debug|x64
		{6C7B30A5-09C4-4299-9D52-732DFF6DCC78}.Debug|x86.ActiveCfg = Debug|Win32
		{6C7B30A5-09C4-4299-9D52-732DFF6DCC78}.Debug|x86.Build.0 = Debug|Win32
		{6C7B30A5-09C4-4299-9D52-732DFF6DCC78}.Debug|x86.Deploy.0 = Debug|Win32
		{6C7B30A5-09C4-4299-9D52-732DFF6DCC78}.Release|x64.ActiveCfg = Release|x64
		{6C7B30A5-09C4-4299-9D52-732DFF6DCC78}.Release|x64.Build.0 = Release|x64
		{6C7B30A5-09C4-4299-9D52-732DFF6DCC78}.Release|x64.Deploy.0 = Release|x64
		{6C7B30A5-09C4-4299-9D52-732DFF6DCC78}.Release|x86.ActiveCfg = Release|Win32
		{6C7B30A5-09C4-4299-9D52-732DFF6DCC78}.Release|x86.Build.0 = Release|Win32
		{6C7B30A5-09C4-4299-9D52-732DFF6DCC78}.Release|x86.Deploy.0 = Release|Win32
		{D99E205B-1A8B-4BC7-BDA2-56E57BB067A2}.Debug|x64.ActiveCfg = Debug|x64
		{D99E205B-1A8B-4BC7-BDA2-56E57BB067A2}.Debug|x64.Build.0 = Debug|x64
		{D99E205B-1A8B-4BC7-BDA2-56E57BB067A2}.Debug|x64.Deploy.0 = Debug|x64
		{D99E205B-1A8B-4BC7-BDA2-56E57BB067A2}.Debug|x86.ActiveCfg = Debug|Win32
		{D99E205B-1A8B-4BC7-BDA2-56E57BB067A2}.Debug|x86.Build.0 = Debug|Win32
		{D99E205B-1A8B-4BC7-BDA2-56E57BB067A2}.Debug|x86.Deploy.0 = Debug|Win32
		{D99E205B-1A8B-4BC7-BDA2-56E57BB067A2}.Release|x64.ActiveCfg = Release|x64
		{D99E205B-1A8B-4BC7-BDA2-56E57BB067A2}.Release|x64.Build.0 = Release|x64
		{D99E205B-1A8B-4BC7-BDA2-56E57BB067A2}.Release|x64.Deploy.0 = Release|x64
		{D99E205B-1A8B-4BC7-BDA2-56E57BB067A2}.Release|x86.ActiveCfg = Release|Win32
		{D99E205B-1A8B-4BC7-BDA2-56E57BB067A2}.Release|x86.Build.0 = Release|Win32
		{D99E205B-1A8B-4BC7-BDA2-56E57BB067A2}.Release|x86.Deploy.0 = Release|Win32
		{95E46913-828B-48D8-842F-07A5E2109535}.Debug|x64.ActiveCfg = Debug|x64
		{95E46913-828B-48D8-842F-07A5E2109535}.Debug|x64.Build.0 = Debug|x64
		{95E46913-828B-48D8-842F-07A5E2109535}.Debug|x64.Deploy.0 = Debug|x64
		{95E46913-828B-48D8-842F-07A5E2109535}.Debug|x86.ActiveCfg = Debug|Win32
		{95E46913-828B-48D8-842F-07A5E2109535}.Debug|x86.Build.0 = Debug|Win32
		{95E46913-828B-48D8-842F-07A5E2109535}.Debug|x86.Deploy.0 = Debug|Win32
		{95E46913-828B-48D8-842F-07A5E2109535}.Release|x64.ActiveCfg = Release|x64
		{95E46913-828B-48D8-842F-07A5E2109535}.Release|x64.Build.0 = Release|x64
		{95E46913-828B-48D8-842F-07A5E2109535}.Release|x64.Deploy.0 = Release|x64
		{95E46913-828B-48D8-842F-07A5E2109535}.Release|x86.ActiveCfg = Release|Win32
		{95E46913-828B-48D8-842F-07A5E2109535}.Release|x86.Build.0 = Release|Win32
		{95E46913-828B-48D8-842F-07A5E2109535}.Release|x86.Deploy.0 = Release|Win32
	EndGlobalSection
	GlobalSection(SolutionProperties) = preSolution
		HideSolutionNode = FALSE
	EndGlobalSection
	GlobalSection(ExtensibilityGlobals) = postSolution
		SolutionGuid = {2939E16E-CD5A-47D7-9548-D23ACDF2F5C6}
	EndGlobalSection
EndGlobal
